{
  "name": "el-magnate",
  "lockfileVersion": 3,
  "requires": true,
  "packages": {
    "": {
      "name": "el-magnate",
      "dependencies": {
        "@supabase/supabase-js": "2.117.1",
        "hono": "^4.13.9",
        "postgres": "^3.4.9"
      },
      "devDependencies": {
        "@types/node": "^22.10.0",
        "deno": "^2.9.6",
        "typescript": "^5.9.0"
      },
      "engines": {
        "node": ">=22.18"
      }
    },
    "node_modules/@deno/darwin-arm64": {
      "version": "2.9.6",
      "resolved": "https://registry.npmjs.org/@deno/darwin-arm64/-/darwin-arm64-2.9.6.tgz",
      "integrity": "sha512-V8uO1Aolrl/yvdMb5lOtgtigs8YuZBjrOrgviVMiYkQ0swymFfzkae1wZak4Xi24t7vf7d/eiMb/7ryjjVm+tg==",
      "cpu": [
        "arm64"
      ],
      "dev": true,
      "license": "MIT",
      "optional": true,
      "os": [
        "darwin"
      ]
    },
    "node_modules/@deno/darwin-x64": {
      "version": "2.9.6",
      "resolved": "https://registry.npmjs.org/@deno/darwin-x64/-/darwin-x64-2.9.6.tgz",
      "integrity": "sha512-tPi3CWPRdjW1MaWlvWjORE7Ass5SADdWdj1BF1Q1PEdzi+5u/mC5YhmZzniMiPr81PpaFeqjXaLAsfb8lFsZ0Q==",
      "cpu": [
        "x64"
      ],
      "dev": true,
      "license": "MIT",
      "optional": true,
      "os": [
        "darwin"
      ]
    },
    "node_modules/@deno/linux-arm64-glibc": {
      "version": "2.9.6",
      "resolved": "https://registry.npmjs.org/@deno/linux-arm64-glibc/-/linux-arm64-glibc-2.9.6.tgz",
      "integrity": "sha512-poqhoH9B3nYloigEMPT5t8HY+wBeiuea1An5Q7fqgJzP0SYmWsoS/oUnWO/pEiA4ofzIBy1Elt/in58xKtxEoQ==",
      "cpu": [
        "arm64"
      ],
      "dev": true,
      "license": "MIT",
      "optional": true,
      "os": [
        "linux"
      ]
    },
    "node_modules/@deno/linux-x64-glibc": {
      "version": "2.9.6",
      "resolved": "https://registry.npmjs.org/@deno/linux-x64-glibc/-/linux-x64-glibc-2.9.6.tgz",
      "integrity": "sha512-3md4TKLCuzsLDmfOoC5KN7NAZaxSVkMgm64vg6foD00JBADCpYS2/5QqXfzgnP5ZQz3iLP9vBQJtEgc116OAoQ==",
      "cpu": [
        "x64"
      ],
      "dev": true,
      "license": "MIT",
      "optional": true,
      "os": [
        "linux"
      ]
    },
    "node_modules/@deno/win32-arm64": {
      "version": "2.9.6",
      "resolved": "https://registry.npmjs.org/@deno/win32-arm64/-/win32-arm64-2.9.6.tgz",
      "integrity": "sha512-iHSHs89g2Uy6k0bGHmXkgzTIW8WXImYPpvqRRO/zNsK1/N79PcjvAth1TuQatuIALcLdocstPs/PAYtndbfr0A==",
      "cpu": [
        "arm64"
      ],
      "dev": true,
      "license": "MIT",
      "optional": true,
      "os": [
        "win32"
      ]
    },
    "node_modules/@deno/win32-x64": {
      "version": "2.9.6",
      "resolved": "https://registry.npmjs.org/@deno/win32-x64/-/win32-x64-2.9.6.tgz",
      "integrity": "sha512-qRGnmVz/Ea6UWPht/S3xFRK17UZ/ls38DSVfgGB17fpASLxPkksqzWUI/BzL9YYoOknYzfc94mySGyInZu/JXw==",
      "cpu": [
        "x64"
      ],
      "dev": true,
      "license": "MIT",
      "optional": true,
      "os": [
        "win32"
      ]
    },
    "node_modules/@supabase/auth-js": {
      "version": "2.117.1",
      "resolved": "https://registry.npmjs.org/@supabase/auth-js/-/auth-js-2.117.1.tgz",
      "integrity": "sha512-3vJpc5thxaovbZ2zrWagzp/ZtCcXpQk1xftinzneNB1XLdhAmjqChOnj2Y8wpriYEFVvlqC+sFbR0JBUi83hDA==",
      "license": "MIT",
      "dependencies": {
        "tslib": "2.8.1"
      },
      "engines": {
        "node": ">=22.0.0"
      }
    },
    "node_modules/@supabase/functions-js": {
      "version": "2.117.1",
      "resolved": "https://registry.npmjs.org/@supabase/functions-js/-/functions-js-2.117.1.tgz",
      "integrity": "sha512-yyMIbEPMDXmjpjWe7WKd7en3mn6q4eDGLHEQVPcqWQIyC1hC7xa3po+o4cWSyItI6a6GYY/voDUpwhZmkxjcPw==",
      "license": "MIT",
      "dependencies": {
        "tslib": "2.8.1"
      },
      "engines": {
        "node": ">=22.0.0"
      }
    },
    "node_modules/@supabase/phoenix": {
      "version": "0.4.5",
      "resolved": "https://registry.npmjs.org/@supabase/phoenix/-/phoenix-0.4.5.tgz",
      "integrity": "sha512-aAn9H9ovVyeApKy11OWOrrOGq8DV68yWeH4ud2lN9fzn4aO8Zb5GLL9m1pUg9nLqIcT+ZDfAcsZe0E/nqdv2lw==",
      "license": "MIT"
    },
    "node_modules/@supabase/postgrest-js": {
      "version": "2.117.1",
      "resolved": "https://registry.npmjs.org/@supabase/postgrest-js/-/postgrest-js-2.117.1.tgz",
      "integrity": "sha512-2a7we4uKXA1d94CUc02MpUj+LzZWO3qm8fH2PDq60tVt0T6KQTIiMmEsRD53lrnwZA9C3SsaKL3mk4DiDH6GvQ==",
      "license": "MIT",
      "dependencies": {
        "tslib": "2.8.1"
      },
      "engines": {
        "node": ">=22.0.0"
      }
    },
    "node_modules/@supabase/realtime-js": {
      "version": "2.117.1",
      "resolved": "https://registry.npmjs.org/@supabase/realtime-js/-/realtime-js-2.117.1.tgz",
      "integrity": "sha512-GkbZfeh5F5aqnUhG1chrdaVQmnRK8ZUL8H16Km/eVVsX99x0w2AijfxjONCB9YKgrXArcnMsKSJzOIQGCv+qvQ==",
      "license": "MIT",
      "dependencies": {
        "@supabase/phoenix": "0.4.5",
        "tslib": "2.8.1"
      },
      "engines": {
        "node": ">=22.0.0"
      }
    },
    "node_modules/@supabase/storage-js": {
      "version": "2.117.1",
      "resolved": "https://registry.npmjs.org/@supabase/storage-js/-/storage-js-2.117.1.tgz",
      "integrity": "sha512-ytDQbELKKzIVStLkShxTTK5FT4vds12eXF5QfW+gTHVvO7cB3VKZ7Hu2wkUaJlDZCaUfFdih3vznF6P8kNkJQg==",
      "license": "MIT",
      "dependencies": {
        "iceberg-js": "^0.8.1",
        "tslib": "2.8.1"
      },
      "engines": {
        "node": ">=22.0.0"
      }
    },
    "node_modules/@supabase/supabase-js": {
      "version": "2.117.1",
      "resolved": "https://registry.npmjs.org/@supabase/supabase-js/-/supabase-js-2.117.1.tgz",
      "integrity": "sha512-VcyiuXF0jZFbN4GcHtytSGNwfXnRJwlxjGFZxeEmRVgSLSbaoHk2Avyg49/aEdTJGBSz5vK1L7uhYiYdfl0Axw==",
      "license": "MIT",
      "dependencies": {
        "@supabase/auth-js": "2.117.1",
        "@supabase/functions-js": "2.117.1",
        "@supabase/postgrest-js": "2.117.1",
        "@supabase/realtime-js": "2.117.1",
        "@supabase/storage-js": "2.117.1"
      },
      "engines": {
        "node": ">=22.0.0"
      },
      "peerDependencies": {
        "@opentelemetry/api": ">=1.0.0"
      },
      "peerDependenciesMeta": {
        "@opentelemetry/api": {
          "optional": true
        }
      }
    },
    "node_modules/@types/node": {
      "version": "22.20.4",
      "resolved": "https://registry.npmjs.org/@types/node/-/node-22.20.4.tgz",
      "integrity": "sha512-zJRE40jpHtKqE/C4fgHrAKQLJuSpzEnP9ff9Y7YtoR3Wd2pwqzlekDeEuUQXjRd+QCYnVnNwuJYmhdk9XV8gvA==",
      "dev": true,
      "license": "MIT",
      "dependencies": {
        "undici-types": "~6.21.0"
      }
    },
    "node_modules/deno": {
      "version": "2.9.6",
      "resolved": "https://registry.npmjs.org/deno/-/deno-2.9.6.tgz",
      "integrity": "sha512-cr16GxYiUeH1juNvFTMOxt99V5QRVmANfy5UsZvE5hjC6P/o4Op/MBbRhLeBOL8WJpV6tr9hb+Kjb1MW0nEoVg==",
      "dev": true,
      "hasInstallScript": true,
      "license": "MIT",
      "bin": {
        "deno": "bin.cjs"
      },
      "optionalDependencies": {
        "@deno/darwin-arm64": "2.9.6",
        "@deno/darwin-x64": "2.9.6",
        "@deno/linux-arm64-glibc": "2.9.6",
        "@deno/linux-x64-glibc": "2.9.6",
        "@deno/win32-arm64": "2.9.6",
        "@deno/win32-x64": "2.9.6"
      }
    },
    "node_modules/hono": {
      "version": "4.13.9",
      "resolved": "https://registry.npmjs.org/hono/-/hono-4.13.9.tgz",
      "integrity": "sha512-7dMkQmZoC4E6F7AtaQSPhlWAdnBti+j7rreMZl8QB4jFiEhP9TWbGWUMi8WYzBCgmgulxuvLQupKqo+Co6Omyg==",
      "license": "MIT",
      "engines": {
        "node": ">=16.9.0"
      }
    },
    "node_modules/iceberg-js": {
      "version": "0.8.1",
      "resolved": "https://registry.npmjs.org/iceberg-js/-/iceberg-js-0.8.1.tgz",
      "integrity": "sha512-1dhVQZXhcHje7798IVM+xoo/1ZdVfzOMIc8/rgVSijRK38EDqOJoGula9N/8ZI5RD8QTxNQtK/Gozpr+qUqRRA==",
      "license": "MIT",
      "engines": {
        "node": ">=20.0.0"
      }
    },
    "node_modules/postgres": {
      "version": "3.4.9",
      "resolved": "https://registry.npmjs.org/postgres/-/postgres-3.4.9.tgz",
      "integrity": "sha512-GD3qdB0x1z9xgFI6cdRD6xu2Sp2WCOEoe3mtnyB5Ee0XrrL5Pe+e4CCnJrRMnL1zYtRDZmQQVbvOttLnKDLnaw==",
      "license": "Unlicense",
      "engines": {
        "node": ">=12"
      },
      "funding": {
        "type": "individual",
        "url": "https://github.com/sponsors/porsager"
      }
    },
    "node_modules/tslib": {
      "version": "2.8.1",
      "resolved": "https://registry.npmjs.org/tslib/-/tslib-2.8.1.tgz",
      "integrity": "sha512-oJFu94HQb+KVduSUQL7wnpmqnfmLsOA/nAh6b6EH0wCEoK0/mPeXU6c3wKDV83MkOuHPRHtSXKKU99IBazS/2w==",
      "license": "0BSD"
    },
    "node_modules/typescript": {
      "version": "5.9.3",
      "resolved": "https://registry.npmjs.org/typescript/-/typescript-5.9.3.tgz",
      "integrity": "sha512-jl1vZzPDinLr9eUt3J/t7V6FgNEw9QjvBPdysz9KfQDD41fQrC2Y4vKQdiaUpFT4bXlb1RHhLpp8wtm6M5TgSw==",
      "dev": true,
      "license": "Apache-2.0",
      "bin": {
        "tsc": "bin/tsc",
        "tsserver": "bin/tsserver"
      },
      "engines": {
        "node": ">=14.17"
      }
    },
    "node_modules/undici-types": {
      "version": "6.21.0",
      "resolved": "https://registry.npmjs.org/undici-types/-/undici-types-6.21.0.tgz",
      "integrity": "sha512-iwDZqg0QAGrg9Rav5H4n0M64c3mkR59cJ6wQp+7C4nI0gsmExaedaYLNO44eT4AtBBwjbTiGPMlt2Md0T9H9JQ==",
      "dev": true,
      "license": "MIT"
    }
  }
}
